{
  "name": "Mern-stack",
  "lockfileVersion": 3,
  "requires": true,
  "packages": {
    "": {
      "dependencies": {
        "multer-storage-cloudinary": "^4.0.0"
      }
    },
    "node_modules/cloudinary": {
      "version": "1.41.3",
      "resolved": "https://registry.npmjs.org/cloudinary/-/cloudinary-1.41.3.tgz",
      "integrity": "sha512-4o84y+E7dbif3lMns+p3UW6w6hLHEifbX/7zBJvaih1E9QNMZITENQ14GPYJC4JmhygYXsuuBb9bRA3xWEoOfg==",
      "peer": true,
      "dependencies": {
        "cloudinary-core": "^2.13.0",
        "core-js": "^3.30.1",
        "lodash": "^4.17.21",
        "q": "^1.5.1"
      },
      "engines": {
        "node": ">=0.6"
      }
    },
    "node_modules/cloudinary-core": {
      "version": "2.13.1",
      "resolved": "https://registry.npmjs.org/cloudinary-core/-/cloudinary-core-2.13.1.tgz",
      "integrity": "sha512-z53GPNWnvU0Zi+ns8CIVbZBfj7ps/++zDvwIyiFuq5p1MoK+KUCg0k5mBceDDHTnx1gHmHUd9aohS+gDxPNt6w==",
      "peer": true,
      "peerDependencies": {
        "lodash": ">=4.0"
      }
    },
    "node_modules/core-js": {
      "version": "3.37.0",
      "resolved": "https://registry.npmjs.org/core-js/-/core-js-3.37.0.tgz",
      "integrity": "sha512-fu5vHevQ8ZG4og+LXug8ulUtVxjOcEYvifJr7L5Bfq9GOztVqsKd9/59hUk2ZSbCrS3BqUr3EpaYGIYzq7g3Ug==",
      "hasInstallScript": true,
      "peer": true,
      "funding": {
        "type": "opencollective",
        "url": "https://opencollective.com/core-js"
      }
    },
    "node_modules/lodash": {
      "version": "4.17.21",
      "resolved": "https://registry.npmjs.org/lodash/-/lodash-4.17.21.tgz",
      "integrity": "sha512-v2kDEe57lecTulaDIuNTPy3Ry4gLGJ6Z1O3vE1krgXZNrsQ+LFTGHVxVjcXPs17LhbZVGedAJv8XZ1tvj5FvSg==",
      "peer": true
    },
    "node_modules/multer-storage-cloudinary": {
      "version": "4.0.0",
      "resolved": "https://registry.npmjs.org/multer-storage-cloudinary/-/multer-storage-cloudinary-4.0.0.tgz",
      "integrity": "sha512-25lm9R6o5dWrHLqLvygNX+kBOxprzpmZdnVKH4+r68WcfCt8XV6xfQaMuAg+kUE5Xmr8mJNA4gE0AcBj9FJyWA==",
      "peerDependencies": {
        "cloudinary": "^1.21.0"
      }
    },
    "node_modules/q": {
      "version": "1.5.1",
      "resolved": "https://registry.npmjs.org/q/-/q-1.5.1.tgz",
      "integrity": "sha512-kV/CThkXo6xyFEZUugw/+pIOywXcDbFYgSct5cT3gqlbkBE1SJdwy6UQoZvodiWF/ckQLZyDE/Bu1M6gVu5lVw==",
      "peer": true,
      "engines": {
        "node": ">=0.6.0",
        "teleport": ">=0.2.0"
      }
    }
  }
}
